
Microsoft Visual Studio Solution File, Format Version 12.00
# Visual Studio Version 17
VisualStudioVersion = 17.0.0.0
MinimumVisualStudioVersion = 10.0.40219.1

Project("{2150E333-8FDC-42A3-9474-1A3956D46DE8}") = "src", "src", "{827E0CD3-B72D-47B6-A68D-7590B98EB39B}"
EndProject
Project("{FAE04EC0-301F-11D3-BF4B-00C04F79EFBC}") = "ShelfWise.Domain", "src\ShelfWise.Domain\ShelfWise.Domain.csproj", "{90E5AE18-CC43-4029-B5EE-F6846428C959}"
EndProject
Project("{FAE04EC0-301F-11D3-BF4B-00C04F79EFBC}") = "ShelfWise.Repository", "src\ShelfWise.Repository\ShelfWise.Repository.csproj", "{D04C4D3F-0983-4713-8A04-805E0D44D6D0}"
EndProject
Project("{FAE04EC0-301F-11D3-BF4B-00C04F79EFBC}") = "ShelfWise.Services", "src\ShelfWise.Services\ShelfWise.Services.csproj", "{D3ED63B9-85EF-4985-A358-6201C8FE927B}"
EndProject
Project("{FAE04EC0-301F-11D3-BF4B-00C04F79EFBC}") = "ShelfWise.Services.Tests", "tests\ShelfWise.Services.Tests\ShelfWise.Services.Tests.csproj", "{692BBAE9-F14A-41FB-AE43-A18299470E36}"
EndProject
Project("{FAE04EC0-301F-11D3-BF4B-00C04F79EFBC}") = "ShelfWise.Api.Tests", "tests\ShelfWise.Api.Tests\ShelfWise.Api.Tests.csproj", "{CF99CB6A-E39A-488F-9161-3DB8F5ABF743}"
EndProject
Global
	GlobalSection(SolutionConfigurationPlatforms) = preSolution
		Debug|Any CPU = Debug|Any CPU
		Debug|x64 = Debug|x64
		Debug|x86 = Debug|x86
		Release|Any CPU = Release|Any CPU
		Release|x64 = Release|x64
		Release|x86 = Release|x86
	EndGlobalSection
	GlobalSection(ProjectConfigurationPlatforms) = postSolution
		{90E5AE18-CC43-4029-B5EE-F6846428C959}.Debug|Any CPU.ActiveCfg = Debug|Any CPU
		{90E5AE18-CC43-4029-B5EE-F6846428C959}.Debug|Any CPU.Build.0 = Debug|Any CPU
		{90E5AE18-CC43-4029-B5EE-F6846428C959}.Debug|x64.ActiveCfg = Debug|Any CPU
		{90E5AE18-CC43-4029-B5EE-F6846428C959}.Debug|x64.Build.0 = Debug|Any CPU
		{90E5AE18-CC43-4029-B5EE-F6846428C959}.Debug|x86.ActiveCfg = Debug|Any CPU
		{90E5AE18-CC43-4029-B5EE-F6846428C959}.Debug|x86.Build.0 = Debug|Any CPU
		{90E5AE18-CC43-4029-B5EE-F6846428C959}.Release|Any CPU.ActiveCfg = Release|Any CPU
		{90E5AE18-CC43-4029-B5EE-F6846428C959}.Release|Any CPU.Build.0 = Release|Any CPU
		{90E5AE18-CC43-4029-B5EE-F6846428C959}.Release|x64.ActiveCfg = Release|Any CPU
		{90E5AE18-CC43-4029-B5EE-F6846428C959}.Release|x64.Build.0 = Release|Any CPU
		{90E5AE18-CC43-4029-B5EE-F6846428C959}.Release|x86.ActiveCfg = Release|Any CPU
		{90E5AE18-CC43-4029-B5EE-F6846428C959}.Release|x86.Build.0 = Release|Any CPU
		{D04C4D3F-0983-4713-8A04-805E0D44D6D0}.Debug|Any CPU.ActiveCfg = Debug|Any CPU
		{D04C4D3F-0983-4713-8A04-805E0D44D6D0}.Debug|Any CPU.Build.0 = Debug|Any CPU
		{D04C4D3F-0983-4713-8A04-805E0D44D6D0}.Debug|x64.ActiveCfg = Debug|Any CPU
		{D04C4D3F-0983-4713-8A04-805E0D44D6D0}.Debug|x64.Build.0 = Debug|Any CPU
		{D04C4D3F-0983-4713-8A04-805E0D44D6D0}.Debug|x86.ActiveCfg = Debug|Any CPU
		{D04C4D3F-0983-4713-8A04-805E0D44D6D0}.Debug|x86.Build.0 = Debug|Any CPU
		{D04C4D3F-0983-4713-8A04-805E0D44D6D0}.Release|Any CPU.ActiveCfg = Release|Any CPU
		{D04C4D3F-0983-4713-8A04-805E0D44D6D0}.Release|Any CPU.Build.0 = Release|Any CPU
		{D04C4D3F-0983-4713-8A04-805E0D44D6D0}.Release|x64.ActiveCfg = Release|Any CPU
		{D04C4D3F-0983-4713-8A04-805E0D44D6D0}.Release|x64.Build.0 = Release|Any CPU
		{D04C4D3F-0983-4713-8A04-805E0D44D6D0}.Release|x86.ActiveCfg = Release|Any CPU
		{D04C4D3F-0983-4713-8A04-805E0D44D6D0}.Release|x86.Build.0 = Release|Any CPU
		{D3ED63B9-85EF-4985-A358-6201C8FE927B}.Debug|Any CPU.ActiveCfg = Debug|Any CPU
		{D3ED63B9-85EF-4985-A358-6201C8FE927B}.Debug|Any CPU.Build.0 = Debug|Any CPU
		{D3ED63B9-85EF-4985-A358-6201C8FE927B}.Debug|x64.ActiveCfg = Debug|Any CPU
		{D3ED63B9-85EF-4985-A358-6201C8FE927B}.Debug|x64.Build.0 = Debug|Any CPU
		{D3ED63B9-85EF-4985-A358-6201C8FE927B}.Debug|x86.ActiveCfg = Debug|Any CPU
		{D3ED63B9-85EF-4985-A358-6201C8FE927B}.Debug|x86.Build.0 = Debug|Any CPU
		{D3ED63B9-85EF-4985-A358-6201C8FE927B}.Release|Any CPU.ActiveCfg = Release|Any CPU
		{D3ED63B9-85EF-4985-A358-6201C8FE927B}.Release|Any CPU.Build.0 = Release|Any CPU
		{D3ED63B9-85EF-4985-A358-6201C8FE927B}.Release|x64.ActiveCfg = Release|Any CPU
		{D3ED63B9-85EF-4985-A358-6201C8FE927B}.Release|x64.Build.0 = Release|Any CPU
		{D3ED63B9-85EF-4985-A358-6201C8FE927B}.Release|x86.ActiveCfg = Release|Any CPU
		{D3ED63B9-85EF-4985-A358-6201C8FE927B}.Release|x86.Build.0 = Release|Any CPU
		{692BBAE9-F14A-41FB-AE43-A18299470E36}.Debug|Any CPU.ActiveCfg = Debug|Any CPU
		{692BBAE9-F14A-41FB-AE43-A18299470E36}.Debug|Any CPU.Build.0 = Debug|Any CPU
		{692BBAE9-F14A-41FB-AE43-A18299470E36}.Debug|x64.ActiveCfg = Debug|Any CPU
		{692BBAE9-F14A-41FB-AE43-A18299470E36}.Debug|x64.Build.0 = Debug|Any CPU
		{692BBAE9-F14A-41FB-AE43-A18299470E36}.Debug|x86.ActiveCfg = Debug|Any CPU
		{692BBAE9-F14A-41FB-AE43-A18299470E36}.Debug|x86.Build.0 = Debug|Any CPU
		{692BBAE9-F14A-41FB-AE43-A18299470E36}.Release|Any CPU.ActiveCfg = Release|Any CPU
		{692BBAE9-F14A-41FB-AE43-A18299470E36}.Release|Any CPU.Build.0 = Release|Any CPU
		{692BBAE9-F14A-41FB-AE43-A18299470E36}.Release|x64.ActiveCfg = Release|Any CPU
		{692BBAE9-F14A-41FB-AE43-A18299470E36}.Release|x64.Build.0 = Release|Any CPU
		{692BBAE9-F14A-41FB-AE43-A18299470E36}.Release|x86.ActiveCfg = Release|Any CPU
		{692BBAE9-F14A-41FB-AE43-A18299470E36}.Release|x86.Build.0 = Release|Any CPU
		{CF99CB6A-E39A-488F-9161-3DB8F5ABF743}.Debug|Any CPU.ActiveCfg = Debug|Any CPU
		{CF99CB6A-E39A-488F-9161-3DB8F5ABF743}.Debug|Any CPU.Build.0 = Debug|Any CPU
		{CF99CB6A-E39A-488F-9161-3DB8F5ABF743}.Debug|x64.ActiveCfg = Debug|Any CPU
		{CF99CB6A-E39A-488F-9161-3DB8F5ABF743}.Debug|x64.Build.0 = Debug|Any CPU
		{CF99CB6A-E39A-488F-9161-3DB8F5ABF743}.Debug|x86.ActiveCfg = Debug|Any CPU
		{CF99CB6A-E39A-488F-9161-3DB8F5ABF743}.Debug|x86.Build.0 = Debug|Any CPU
		{CF99CB6A-E39A-488F-9161-3DB8F5ABF743}.Release|Any CPU.ActiveCfg = Release|Any CPU
		{CF99CB6A-E39A-488F-9161-3DB8F5ABF743}.Release|Any CPU.Build.0 = Release|Any CPU
		{CF99CB6A-E39A-488F-9161-3DB8F5ABF743}.Release|x64.ActiveCfg = Release|Any CPU
		{CF99CB6A-E39A-488F-9161-3DB8F5ABF743}.Release|x64.Build.0 = Release|Any CPU
		{CF99CB6A-E39A-488F-9161-3DB8F5ABF743}.Release|x86.ActiveCfg = Release|Any CPU
		{CF99CB6A-E39A-488F-9161-3DB8F5ABF743}.Release|x86.Build.0 = Release|Any CPU
	EndGlobalSection
	GlobalSection(SolutionProperties) = preSolution
		HideSolutionNode = FALSE
	EndGlobalSection
	GlobalSection(NestedProjects) = preSolution
		{90E5AE18-CC43-4029-B5EE-F6846428C959} = {827E0CD3-B72D-47B6-A68D-7590B98EB39B}
		{D04C4D3F-0983-4713-8A04-805E0D44D6D0} = {827E0CD3-B72D-47B6-A68D-7590B98EB39B}
		{D3ED63B9-85EF-4985-A358-6201C8FE927B} = {827E0CD3-B72D-47B6-A68D-7590B98EB39B}
		{692BBAE9-F14A-41FB-AE43-A18299470E36} = {827E0CD3-B72D-47B6-A68D-7590B98EB39B}
		{CF99CB6A-E39A-488F-9161-3DB8F5ABF743} = {827E0CD3-B72D-47B6-A68D-7590B98EB39B}
	EndGlobalSection
EndGlobal
